// !$*UTF8*$!
{
	archiveVersion = 1;
	classes = {
	};
	objectVersion = 46;
	objects = {

/* Begin PBXBuildFile section */
		C9C1441C1E92C601003BDB41 /* AppDelegate.swift in Sources */ = {isa = PBXBuildFile; fileRef = C9C1441B1E92C601003BDB41 /* AppDelegate.swift */; };
		C9C144211E92C602003BDB41 /* Main.storyboard in Resources */ = {isa = PBXBuildFile; fileRef = C9C1441F1E92C602003BDB41 /* Main.storyboard */; };
		C9C144241E92C602003BDB41 /* Virtual_Tourist.xcdatamodeld in Sources */ = {isa = PBXBuildFile; fileRef = C9C144221E92C602003BDB41 /* Virtual_Tourist.xcdatamodeld */; };
		C9C144261E92C602003BDB41 /* Assets.xcassets in Resources */ = {isa = PBXBuildFile; fileRef = C9C144251E92C602003BDB41 /* Assets.xcassets */; };
		C9C144291E92C602003BDB41 /* LaunchScreen.storyboard in Resources */ = {isa = PBXBuildFile; fileRef = C9C144271E92C602003BDB41 /* LaunchScreen.storyboard */; };
		C9C144341E92CAF3003BDB41 /* MapViewController.swift in Sources */ = {isa = PBXBuildFile; fileRef = C9C144331E92CAF3003BDB41 /* MapViewController.swift */; };
		C9C144361E92DCF4003BDB41 /* Annotations.swift in Sources */ = {isa = PBXBuildFile; fileRef = C9C144351E92DCF4003BDB41 /* Annotations.swift */; };
		C9C144381E92E874003BDB41 /* Flicker Client.swift in Sources */ = {isa = PBXBuildFile; fileRef = C9C144371E92E874003BDB41 /* Flicker Client.swift */; };
		C9C1443A1E92E8E6003BDB41 /* Flicker Constants.swift in Sources */ = {isa = PBXBuildFile; fileRef = C9C144391E92E8E6003BDB41 /* Flicker Constants.swift */; };
/* End PBXBuildFile section */

/* Begin PBXFileReference section */
		C9C144181E92C601003BDB41 /* Virtual Tourist.app */ = {isa = PBXFileReference; explicitFileType = wrapper.application; includeInIndex = 0; path = "Virtual Tourist.app"; sourceTree = BUILT_PRODUCTS_DIR; };
		C9C1441B1E92C601003BDB41 /* AppDelegate.swift */ = {isa = PBXFileReference; lastKnownFileType = sourcecode.swift; path = AppDelegate.swift; sourceTree = "<group>"; };
		C9C144201E92C602003BDB41 /* Base */ = {isa = PBXFileReference; lastKnownFileType = file.storyboard; name = Base; path = Base.lproj/Main.storyboard; sourceTree = "<group>"; };
		C9C144231E92C602003BDB41 /* Virtual_Tourist.xcdatamodel */ = {isa = PBXFileReference; lastKnownFileType = wrapper.xcdatamodel; path = Virtual_Tourist.xcdatamodel; sourceTree = "<group>"; };
		C9C144251E92C602003BDB41 /* Assets.xcassets */ = {isa = PBXFileReference; lastKnownFileType = folder.assetcatalog; path = Assets.xcassets; sourceTree = "<group>"; };
		C9C144281E92C602003BDB41 /* Base */ = {isa = PBXFileReference; lastKnownFileType = file.storyboard; name = Base; path = Base.lproj/LaunchScreen.storyboard; sourceTree = "<group>"; };
		C9C1442A1E92C602003BDB41 /* Info.plist */ = {isa = PBXFileReference; lastKnownFileType = text.plist.xml; path = Info.plist; sourceTree = "<group>"; };
		C9C144331E92CAF3003BDB41 /* MapViewController.swift */ = {isa = PBXFileReference; fileEncoding = 4; lastKnownFileType = sourcecode.swift; path = MapViewController.swift; sourceTree = "<group>"; };
		C9C144351E92DCF4003BDB41 /* Annotations.swift */ = {isa = PBXFileReference; fileEncoding = 4; lastKnownFileType = sourcecode.swift; path = Annotations.swift; sourceTree = "<group>"; };
		C9C144371E92E874003BDB41 /* Flicker Client.swift */ = {isa = PBXFileReference; fileEncoding = 4; lastKnownFileType = sourcecode.swift; path = "Flicker Client.swift"; sourceTree = "<group>"; };
		C9C144391E92E8E6003BDB41 /* Flicker Constants.swift */ = {isa = PBXFileReference; fileEncoding = 4; lastKnownFileType = sourcecode.swift; path = "Flicker Constants.swift"; sourceTree = "<group>"; };
/* End PBXFileReference section */

/* Begin PBXFrameworksBuildPhase section */
		C9C144151E92C601003BDB41 /* Frameworks */ = {
			isa = PBXFrameworksBuildPhase;
			buildActionMask = 2147483647;
			files = (
			);
			runOnlyForDeploymentPostprocessing = 0;
		};
/* End PBXFrameworksBuildPhase section */

/* Begin PBXGroup section */
		C9C1440F1E92C601003BDB41 = {
			isa = PBXGroup;
			children = (
				C9C1441A1E92C601003BDB41 /* Virtual Tourist */,
				C9C144191E92C601003BDB41 /* Products */,
			);
			sourceTree = "<group>";
		};
		C9C144191E92C601003BDB41 /* Products */ = {
			isa = PBXGroup;
			children = (
				C9C144181E92C601003BDB41 /* Virtual Tourist.app */,
			);
			name = Products;
			sourceTree = "<group>";
		};
		C9C1441A1E92C601003BDB41 /* Virtual Tourist */ = {
			isa = PBXGroup;
			children = (
				C9C144321E92CA31003BDB41 /* Controller */,
				C9C144311E92CA2B003BDB41 /* View */,
				C9C144301E92CA1B003BDB41 /* Model */,
				C9C1441B1E92C601003BDB41 /* AppDelegate.swift */,
				C9C1441F1E92C602003BDB41 /* Main.storyboard */,
				C9C144251E92C602003BDB41 /* Assets.xcassets */,
				C9C144271E92C602003BDB41 /* LaunchScreen.storyboard */,
				C9C1442A1E92C602003BDB41 /* Info.plist */,
				C9C144221E92C602003BDB41 /* Virtual_Tourist.xcdatamodeld */,
			);
			path = "Virtual Tourist";
			sourceTree = "<group>";
		};
		C9C144301E92CA1B003BDB41 /* Model */ = {
			isa = PBXGroup;
			children = (
				C9C144351E92DCF4003BDB41 /* Annotations.swift */,
				C9C144371E92E874003BDB41 /* Flicker Client.swift */,
				C9C144391E92E8E6003BDB41 /* Flicker Constants.swift */,
			);
			name = Model;
			sourceTree = "<group>";
		};
		C9C144311E92CA2B003BDB41 /* View */ = {
			isa = PBXGroup;
			children = (
			);
			name = View;
			sourceTree = "<group>";
		};
		C9C144321E92CA31003BDB41 /* Controller */ = {
			isa = PBXGroup;
			children = (
				C9C144331E92CAF3003BDB41 /* MapViewController.swift */,
			);
			name = Controller;
			sourceTree = "<group>";
		};
/* End PBXGroup section */

/* Begin PBXNativeTarget section */
		C9C144171E92C601003BDB41 /* Virtual Tourist */ = {
			isa = PBXNativeTarget;
			buildConfigurationList = C9C1442D1E92C602003BDB41 /* Build configuration list for PBXNativeTarget "Virtual Tourist" */;
			buildPhases = (
				C9C144141E92C601003BDB41 /* Sources */,
				C9C144151E92C601003BDB41 /* Frameworks */,
				C9C144161E92C601003BDB41 /* Resources */,
			);
			buildRules = (
			);
			dependencies = (
			);
			name = "Virtual Tourist";
			productName = "Virtual Tourist";
			productReference = C9C144181E92C601003BDB41 /* Virtual Tourist.app */;
			productType = "com.apple.product-type.application";
		};
/* End PBXNativeTarget section */

/* Begin PBXProject section */
		C9C144101E92C601003BDB41 /* Project object */ = {
			isa = PBXProject;
			attributes = {
				LastSwiftUpdateCheck = 0820;
				LastUpgradeCheck = 0820;
				ORGANIZATIONNAME = "Casey Henderson";
				TargetAttributes = {
					C9C144171E92C601003BDB41 = {
						CreatedOnToolsVersion = 8.2;
						ProvisioningStyle = Automatic;
					};
				};
			};
			buildConfigurationList = C9C144131E92C601003BDB41 /* Build configuration list for PBXProject "Virtual Tourist" */;
			compatibilityVersion = "Xcode 3.2";
			developmentRegion = English;
			hasScannedForEncodings = 0;
			knownRegions = (
				en,
				Base,
			);
			mainGroup = C9C1440F1E92C601003BDB41;
			productRefGroup = C9C144191E92C601003BDB41 /* Products */;
			projectDirPath = "";
			projectRoot = "";
			targets = (
				C9C144171E92C601003BDB41 /* Virtual Tourist */,
			);
		};
/* End PBXProject section */

/* Begin PBXResourcesBuildPhase section */
		C9C144161E92C601003BDB41 /* Resources */ = {
			isa = PBXResourcesBuildPhase;
			buildActionMask = 2147483647;
			files = (
				C9C144291E92C602003BDB41 /* LaunchScreen.storyboard in Resources */,
				C9C144261E92C602003BDB41 /* Assets.xcassets in Resources */,
				C9C144211E92C602003BDB41 /* Main.storyboard in Resources */,
			);
			runOnlyForDeploymentPostprocessing = 0;
		};
/* End PBXResourcesBuildPhase section */

/* Begin PBXSourcesBuildPhase section */
		C9C144141E92C601003BDB41 /* Sources */ = {
			isa = PBXSourcesBuildPhase;
			buildActionMask = 2147483647;
			files = (
				C9C144381E92E874003BDB41 /* Flicker Client.swift in Sources */,
				C9C144241E92C602003BDB41 /* Virtual_Tourist.xcdatamodeld in Sources */,
				C9C1441C1E92C601003BDB41 /* AppDelegate.swift in Sources */,
				C9C1443A1E92E8E6003BDB41 /* Flicker Constants.swift in Sources */,
				C9C144361E92DCF4003BDB41 /* Annotations.swift in Sources */,
				C9C144341E92CAF3003BDB41 /* MapViewController.swift in Sources */,
			);
			runOnlyForDeploymentPostprocessing = 0;
		};
/* End PBXSourcesBuildPhase section */

/* Begin PBXVariantGroup section */
		C9C1441F1E92C602003BDB41 /* Main.storyboard */ = {
			isa = PBXVariantGroup;
			children = (
				C9C144201E92C602003BDB41 /* Base */,
			);
			name = Main.storyboard;
			sourceTree = "<group>";
		};
		C9C144271E92C602003BDB41 /* LaunchScreen.storyboard */ = {
			isa = PBXVariantGroup;
			children = (
				C9C144281E92C602003BDB41 /* Base */,
			);
			name = LaunchScreen.storyboard;
			sourceTree = "<group>";
		};
/* End PBXVariantGroup section */

/* Begin XCBuildConfiguration section */
		C9C1442B1E92C602003BDB41 /* Debug */ = {
			isa = XCBuildConfiguration;
			buildSettings = {
				ALWAYS_SEARCH_USER_PATHS = NO;
				CLANG_ANALYZER_NONNULL = YES;
				CLANG_CXX_LANGUAGE_STANDARD = "gnu++0x";
				CLANG_CXX_LIBRARY = "libc++";
				CLANG_ENABLE_MODULES = YES;
				CLANG_ENABLE_OBJC_ARC = YES;
				CLANG_WARN_BOOL_CONVERSION = YES;
				CLANG_WARN_CONSTANT_CONVERSION = YES;
				CLANG_WARN_DIRECT_OBJC_ISA_USAGE = YES_ERROR;
				CLANG_WARN_DOCUMENTATION_COMMENTS = YES;
				CLANG_WARN_EMPTY_BODY = YES;
				CLANG_WARN_ENUM_CONVERSION = YES;
				CLANG_WARN_INFINITE_RECURSION = YES;
				CLANG_WARN_INT_CONVERSION = YES;
				CLANG_WARN_OBJC_ROOT_CLASS = YES_ERROR;
				CLANG_WARN_SUSPICIOUS_MOVE = YES;
				CLANG_WARN_UNREACHABLE_CODE = YES;
				CLANG_WARN__DUPLICATE_METHOD_MATCH = YES;
				"CODE_SIGN_IDENTITY[sdk=iphoneos*]" = "iPhone Developer";
				COPY_PHASE_STRIP = NO;
				DEBUG_INFORMATION_FORMAT = dwarf;
				ENABLE_STRICT_OBJC_MSGSEND = YES;
				ENABLE_TESTABILITY = YES;
				GCC_C_LANGUAGE_STANDARD = gnu99;
				GCC_DYNAMIC_NO_PIC = NO;
				GCC_NO_COMMON_BLOCKS = YES;
				GCC_OPTIMIZATION_LEVEL = 0;
				GCC_PREPROCESSOR_DEFINITIONS = (
					"DEBUG=1",
					"$(inherited)",
				);
				GCC_WARN_64_TO_32_BIT_CONVERSION = YES;
				GCC_WARN_ABOUT_RETURN_TYPE = YES_ERROR;
				GCC_WARN_UNDECLARED_SELECTOR = YES;
				GCC_WARN_UNINITIALIZED_AUTOS = YES_AGGRESSIVE;
				GCC_WARN_UNUSED_FUNCTION = YES;
				GCC_WARN_UNUSED_VARIABLE = YES;
				IPHONEOS_DEPLOYMENT_TARGET = 10.2;
				MTL_ENABLE_DEBUG_INFO = YES;
				ONLY_ACTIVE_ARCH = YES;
				SDKROOT = iphoneos;
				SWIFT_ACTIVE_COMPILATION_CONDITIONS = DEBUG;
				SWIFT_OPTIMIZATION_LEVEL = "-Onone";
			};
			name = Debug;
		};
		C9C1442C1E92C602003BDB41 /* Release */ = {
			isa = XCBuildConfiguration;
			buildSettings = {
				ALWAYS_SEARCH_USER_PATHS = NO;
				CLANG_ANALYZER_NONNULL = YES;
				CLANG_CXX_LANGUAGE_STANDARD = "gnu++0x";
				CLANG_CXX_LIBRARY = "libc++";
				CLANG_ENABLE_MODULES = YES;
				CLANG_ENABLE_OBJC_ARC = YES;
				CLANG_WARN_BOOL_CONVERSION = YES;
				CLANG_WARN_CONSTANT_CONVERSION = YES;
				CLANG_WARN_DIRECT_OBJC_ISA_USAGE = YES_ERROR;
				CLANG_WARN_DOCUMENTATION_COMMENTS = YES;
				CLANG_WARN_EMPTY_BODY = YES;
				CLANG_WARN_ENUM_CONVERSION = YES;
				CLANG_WARN_INFINITE_RECURSION = YES;
				CLANG_WARN_INT_CONVERSION = YES;
				CLANG_WARN_OBJC_ROOT_CLASS = YES_ERROR;
				CLANG_WARN_SUSPICIOUS_MOVE = YES;
				CLANG_WARN_UNREACHABLE_CODE = YES;
				CLANG_WARN__DUPLICATE_METHOD_MATCH = YES;
				"CODE_SIGN_IDENTITY[sdk=iphoneos*]" = "iPhone Developer";
				COPY_PHASE_STRIP = NO;
				DEBUG_INFORMATION_FORMAT = "dwarf-with-dsym";
				ENABLE_NS_ASSERTIONS = NO;
				ENABLE_STRICT_OBJC_MSGSEND = YES;
				GCC_C_LANGUAGE_STANDARD = gnu99;
				GCC_NO_COMMON_BLOCKS = YES;
				GCC_WARN_64_TO_32_BIT_CONVERSION = YES;
				GCC_WARN_ABOUT_RETURN_TYPE = YES_ERROR;
				GCC_WARN_UNDECLARED_SELECTOR = YES;
				GCC_WARN_UNINITIALIZED_AUTOS = YES_AGGRESSIVE;
				GCC_WARN_UNUSED_FUNCTION = YES;
				GCC_WARN_UNUSED_VARIABLE = YES;
				IPHONEOS_DEPLOYMENT_TARGET = 10.2;
				MTL_ENABLE_DEBUG_INFO = NO;
				SDKROOT = iphoneos;
				SWIFT_OPTIMIZATION_LEVEL = "-Owholemodule";
				VALIDATE_PRODUCT = YES;
			};
			name = Release;
		};
		C9C1442E1E92C602003BDB41 /* Debug */ = {
			isa = XCBuildConfiguration;
			buildSettings = {
				ASSETCATALOG_COMPILER_APPICON_NAME = AppIcon;
				INFOPLIST_FILE = "Virtual Tourist/Info.plist";
				LD_RUNPATH_SEARCH_PATHS = "$(inherited) @executable_path/Frameworks";
				PRODUCT_BUNDLE_IDENTIFIER = "CWH.Virtual-Tourist";
				PRODUCT_NAME = "$(TARGET_NAME)";
				SWIFT_VERSION = 3.0;
			};
			name = Debug;
		};
		C9C1442F1E92C602003BDB41 /* Release */ = {
			isa = XCBuildConfiguration;
			buildSettings = {
				ASSETCATALOG_COMPILER_APPICON_NAME = AppIcon;
				INFOPLIST_FILE = "Virtual Tourist/Info.plist";
				LD_RUNPATH_SEARCH_PATHS = "$(inherited) @executable_path/Frameworks";
				PRODUCT_BUNDLE_IDENTIFIER = "CWH.Virtual-Tourist";
				PRODUCT_NAME = "$(TARGET_NAME)";
				SWIFT_VERSION = 3.0;
			};
			name = Release;
		};
/* End XCBuildConfiguration section */

/* Begin XCConfigurationList section */
		C9C144131E92C601003BDB41 /* Build configuration list for PBXProject "Virtual Tourist" */ = {
			isa = XCConfigurationList;
			buildConfigurations = (
				C9C1442B1E92C602003BDB41 /* Debug */,
				C9C1442C1E92C602003BDB41 /* Release */,
			);
			defaultConfigurationIsVisible = 0;
			defaultConfigurationName = Release;
		};
		C9C1442D1E92C602003BDB41 /* Build configuration list for PBXNativeTarget "Virtual Tourist" */ = {
			isa = XCConfigurationList;
			buildConfigurations = (
				C9C1442E1E92C602003BDB41 /* Debug */,
				C9C1442F1E92C602003BDB41 /* Release */,
			);
			defaultConfigurationIsVisible = 0;
		};
/* End XCConfigurationList section */

/* Begin XCVersionGroup section */
		C9C144221E92C602003BDB41 /* Virtual_Tourist.xcdatamodeld */ = {
			isa = XCVersionGroup;
			children = (
				C9C144231E92C602003BDB41 /* Virtual_Tourist.xcdatamodel */,
			);
			currentVersion = C9C144231E92C602003BDB41 /* Virtual_Tourist.xcdatamodel */;
			path = Virtual_Tourist.xcdatamodeld;
			sourceTree = "<group>";
			versionGroupType = wrapper.xcdatamodel;
		};
/* End XCVersionGroup section */
	};
	rootObject = C9C144101E92C601003BDB41 /* Project object */;
}
